// !$*UTF8*$!
{
	archiveVersion = 1;
	classes = {
	};
	objectVersion = 46;
	objects = {

/* Begin PBXBuildFile section */
		303B566C1C96C9B60062D46E /* AppDelegate.swift in Sources */ = {isa = PBXBuildFile; fileRef = 303B566B1C96C9B60062D46E /* AppDelegate.swift */; };
		303B566E1C96C9B60062D46E /* ViewController.swift in Sources */ = {isa = PBXBuildFile; fileRef = 303B566D1C96C9B60062D46E /* ViewController.swift */; };
		303B56711C96C9B60062D46E /* Main.storyboard in Resources */ = {isa = PBXBuildFile; fileRef = 303B566F1C96C9B60062D46E /* Main.storyboard */; };
		303B56731C96C9B60062D46E /* Assets.xcassets in Resources */ = {isa = PBXBuildFile; fileRef = 303B56721C96C9B60062D46E /* Assets.xcassets */; };
		303B56761C96C9B60062D46E /* LaunchScreen.storyboard in Resources */ = {isa = PBXBuildFile; fileRef = 303B56741C96C9B60062D46E /* LaunchScreen.storyboard */; };
/* End PBXBuildFile section */

/* Begin PBXFileReference section */
		303B56681C96C9B60062D46E /* QuizNew.app */ = {isa = PBXFileReference; explicitFileType = wrapper.application; includeInIndex = 0; path = QuizNew.app; sourceTree = BUILT_PRODUCTS_DIR; };
		303B566B1C96C9B60062D46E /* AppDelegate.swift */ = {isa = PBXFileReference; lastKnownFileType = sourcecode.swift; path = AppDelegate.swift; sourceTree = "<group>"; };
		303B566D1C96C9B60062D46E /* ViewController.swift */ = {isa = PBXFileReference; lastKnownFileType = sourcecode.swift; path = ViewController.swift; sourceTree = "<group>"; };
		303B56701C96C9B60062D46E /* Base */ = {isa = PBXFileReference; lastKnownFileType = file.storyboard; name = Base; path = Base.lproj/Main.storyboard; sourceTree = "<group>"; };
		303B56721C96C9B60062D46E /* Assets.xcassets */ = {isa = PBXFileReference; lastKnownFileType = folder.assetcatalog; path = Assets.xcassets; sourceTree = "<group>"; };
		303B56751C96C9B60062D46E /* Base */ = {isa = PBXFileReference; lastKnownFileType = file.storyboard; name = Base; path = Base.lproj/LaunchScreen.storyboard; sourceTree = "<group>"; };
		303B56771C96C9B60062D46E /* Info.plist */ = {isa = PBXFileReference; lastKnownFileType = text.plist.xml; path = Info.plist; sourceTree = "<group>"; };
/* End PBXFileReference section */

/* Begin PBXFrameworksBuildPhase section */
		303B56651C96C9B60062D46E /* Frameworks */ = {
			isa = PBXFrameworksBuildPhase;
			buildActionMask = 2147483647;
			files = (
			);
			runOnlyForDeploymentPostprocessing = 0;
		};
/* End PBXFrameworksBuildPhase section */

/* Begin PBXGroup section */
		303B565F1C96C9B60062D46E = {
			isa = PBXGroup;
			children = (
				303B566A1C96C9B60062D46E /* QuizNew */,
				303B56691C96C9B60062D46E /* Products */,
			);
			sourceTree = "<group>";
		};
		303B56691C96C9B60062D46E /* Products */ = {
			isa = PBXGroup;
			children = (
				303B56681C96C9B60062D46E /* QuizNew.app */,
			);
			name = Products;
			sourceTree = "<group>";
		};
		303B566A1C96C9B60062D46E /* QuizNew */ = {
			isa = PBXGroup;
			children = (
				303B566B1C96C9B60062D46E /* AppDelegate.swift */,
				303B566D1C96C9B60062D46E /* ViewController.swift */,
				303B566F1C96C9B60062D46E /* Main.storyboard */,
				303B56721C96C9B60062D46E /* Assets.xcassets */,
				303B56741C96C9B60062D46E /* LaunchScreen.storyboard */,
				303B56771C96C9B60062D46E /* Info.plist */,
			);
			path = QuizNew;
			sourceTree = "<group>";
		};
/* End PBXGroup section */

/* Begin PBXNativeTarget section */
		303B56671C96C9B60062D46E /* QuizNew */ = {
			isa = PBXNativeTarget;
			buildConfigurationList = 303B567A1C96C9B60062D46E /* Build configuration list for PBXNativeTarget "QuizNew" */;
			buildPhases = (
				303B56641C96C9B60062D46E /* Sources */,
				303B56651C96C9B60062D46E /* Frameworks */,
				303B56661C96C9B60062D46E /* Resources */,
			);
			buildRules = (
			);
			dependencies = (
			);
			name = QuizNew;
			productName = QuizNew;
			productReference = 303B56681C96C9B60062D46E /* QuizNew.app */;
			productType = "com.apple.product-type.application";
		};
/* End PBXNativeTarget section */

/* Begin PBXProject section */
		303B56601C96C9B60062D46E /* Project object */ = {
			isa = PBXProject;
			attributes = {
				LastSwiftUpdateCheck = 0720;
				LastUpgradeCheck = 0720;
				ORGANIZATIONNAME = "Roman Ustiantcev";
				TargetAttributes = {
					303B56671C96C9B60062D46E = {
						CreatedOnToolsVersion = 7.2.1;
						DevelopmentTeam = NVMU6WZ9AZ;
					};
				};
			};
			buildConfigurationList = 303B56631C96C9B60062D46E /* Build configuration list for PBXProject "QuizNew" */;
			compatibilityVersion = "Xcode 3.2";
			developmentRegion = English;
			hasScannedForEncodings = 0;
			knownRegions = (
				en,
				Base,
			);
			mainGroup = 303B565F1C96C9B60062D46E;
			productRefGroup = 303B56691C96C9B60062D46E /* Products */;
			projectDirPath = "";
			projectRoot = "";
			targets = (
				303B56671C96C9B60062D46E /* QuizNew */,
			);
		};
/* End PBXProject section */

/* Begin PBXResourcesBuildPhase section */
		303B56661C96C9B60062D46E /* Resources */ = {
			isa = PBXResourcesBuildPhase;
			buildActionMask = 2147483647;
			files = (
				303B56761C96C9B60062D46E /* LaunchScreen.storyboard in Resources */,
				303B56731C96C9B60062D46E /* Assets.xcassets in Resources */,
				303B56711C96C9B60062D46E /* Main.storyboard in Resources */,
			);
			runOnlyForDeploymentPostprocessing = 0;
		};
/* End PBXResourcesBuildPhase section */

/* Begin PBXSourcesBuildPhase section */
		303B56641C96C9B60062D46E /* Sources */ = {
			isa = PBXSourcesBuildPhase;
			buildActionMask = 2147483647;
			files = (
				303B566E1C96C9B60062D46E /* ViewController.swift in Sources */,
				303B566C1C96C9B60062D46E /* AppDelegate.swift in Sources */,
			);
			runOnlyForDeploymentPostprocessing = 0;
		};
/* End PBXSourcesBuildPhase section */

/* Begin PBXVariantGroup section */
		303B566F1C96C9B60062D46E /* Main.storyboard */ = {
			isa = PBXVariantGroup;
			children = (
				303B56701C96C9B60062D46E /* Base */,
			);
			name = Main.storyboard;
			sourceTree = "<group>";
		};
		303B56741C96C9B60062D46E /* LaunchScreen.storyboard */ = {
			isa = PBXVariantGroup;
			children = (
				303B56751C96C9B60062D46E /* Base */,
			);
			name = LaunchScreen.storyboard;
			sourceTree = "<group>";
		};
/* End PBXVariantGroup section */

/* Begin XCBuildConfiguration section */
		303B56781C96C9B60062D46E /* Debug */ = {
			isa = XCBuildConfiguration;
			buildSettings = {
				ALWAYS_SEARCH_USER_PATHS = NO;
				CLANG_CXX_LANGUAGE_STANDARD = "gnu++0x";
				CLANG_CXX_LIBRARY = "libc++";
				CLANG_ENABLE_MODULES = YES;
				CLANG_ENABLE_OBJC_ARC = YES;
				CLANG_WARN_BOOL_CONVERSION = YES;
				CLANG_WARN_CONSTANT_CONVERSION = YES;
				CLANG_WARN_DIRECT_OBJC_ISA_USAGE = YES_ERROR;
				CLANG_WARN_EMPTY_BODY = YES;
				CLANG_WARN_ENUM_CONVERSION = YES;
				CLANG_WARN_INT_CONVERSION = YES;
				CLANG_WARN_OBJC_ROOT_CLASS = YES_ERROR;
				CLANG_WARN_UNREACHABLE_CODE = YES;
				CLANG_WARN__DUPLICATE_METHOD_MATCH = YES;
				"CODE_SIGN_IDENTITY[sdk=iphoneos*]" = "iPhone Developer";
				COPY_PHASE_STRIP = NO;
				DEBUG_INFORMATION_FORMAT = dwarf;
				ENABLE_STRICT_OBJC_MSGSEND = YES;
				ENABLE_TESTABILITY = YES;
				GCC_C_LANGUAGE_STANDARD = gnu99;
				GCC_DYNAMIC_NO_PIC = NO;
				GCC_NO_COMMON_BLOCKS = YES;
				GCC_OPTIMIZATION_LEVEL = 0;
				GCC_PREPROCESSOR_DEFINITIONS = (
					"DEBUG=1",
					"$(inherited)",
				);
				GCC_WARN_64_TO_32_BIT_CONVERSION = YES;
				GCC_WARN_ABOUT_RETURN_TYPE = YES_ERROR;
				GCC_WARN_UNDECLARED_SELECTOR = YES;
				GCC_WARN_UNINITIALIZED_AUTOS = YES_AGGRESSIVE;
				GCC_WARN_UNUSED_FUNCTION = YES;
				GCC_WARN_UNUSED_VARIABLE = YES;
				IPHONEOS_DEPLOYMENT_TARGET = 9.2;
				MTL_ENABLE_DEBUG_INFO = YES;
				ONLY_ACTIVE_ARCH = YES;
				SDKROOT = iphoneos;
				SWIFT_OPTIMIZATION_LEVEL = "-Onone";
			};
			name = Debug;
		};
		303B56791C96C9B60062D46E /* Release */ = {
			isa = XCBuildConfiguration;
			buildSettings = {
				ALWAYS_SEARCH_USER_PATHS = NO;
				CLANG_CXX_LANGUAGE_STANDARD = "gnu++0x";
				CLANG_CXX_LIBRARY = "libc++";
				CLANG_ENABLE_MODULES = YES;
				CLANG_ENABLE_OBJC_ARC = YES;
				CLANG_WARN_BOOL_CONVERSION = YES;
				CLANG_WARN_CONSTANT_CONVERSION = YES;
				CLANG_WARN_DIRECT_OBJC_ISA_USAGE = YES_ERROR;
				CLANG_WARN_EMPTY_BODY = YES;
				CLANG_WARN_ENUM_CONVERSION = YES;
				CLANG_WARN_INT_CONVERSION = YES;
				CLANG_WARN_OBJC_ROOT_CLASS = YES_ERROR;
				CLANG_WARN_UNREACHABLE_CODE = YES;
				CLANG_WARN__DUPLICATE_METHOD_MATCH = YES;
				"CODE_SIGN_IDENTITY[sdk=iphoneos*]" = "iPhone Developer";
				COPY_PHASE_STRIP = NO;
				DEBUG_INFORMATION_FORMAT = "dwarf-with-dsym";
				ENABLE_NS_ASSERTIONS = NO;
				ENABLE_STRICT_OBJC_MSGSEND = YES;
				GCC_C_LANGUAGE_STANDARD = gnu99;
				GCC_NO_COMMON_BLOCKS = YES;
				GCC_WARN_64_TO_32_BIT_CONVERSION = YES;
				GCC_WARN_ABOUT_RETURN_TYPE = YES_ERROR;
				GCC_WARN_UNDECLARED_SELECTOR = YES;
				GCC_WARN_UNINITIALIZED_AUTOS = YES_AGGRESSIVE;
				GCC_WARN_UNUSED_FUNCTION = YES;
				GCC_WARN_UNUSED_VARIABLE = YES;
				IPHONEOS_DEPLOYMENT_TARGET = 9.2;
				MTL_ENABLE_DEBUG_INFO = NO;
				SDKROOT = iphoneos;
				VALIDATE_PRODUCT = YES;
			};
			name = Release;
		};
		303B567B1C96C9B60062D46E /* Debug */ = {
			isa = XCBuildConfiguration;
			buildSettings = {
				ASSETCATALOG_COMPILER_APPICON_NAME = AppIcon;
				INFOPLIST_FILE = QuizNew/Info.plist;
				LD_RUNPATH_SEARCH_PATHS = "$(inherited) @executable_path/Frameworks";
				PRODUCT_BUNDLE_IDENTIFIER = "com.ra-portfolio.QuizNew";
				PRODUCT_NAME = "$(TARGET_NAME)";
			};
			name = Debug;
		};
		303B567C1C96C9B60062D46E /* Release */ = {
			isa = XCBuildConfiguration;
			buildSettings = {
				ASSETCATALOG_COMPILER_APPICON_NAME = AppIcon;
				INFOPLIST_FILE = QuizNew/Info.plist;
				LD_RUNPATH_SEARCH_PATHS = "$(inherited) @executable_path/Frameworks";
				PRODUCT_BUNDLE_IDENTIFIER = "com.ra-portfolio.QuizNew";
				PRODUCT_NAME = "$(TARGET_NAME)";
			};
			name = Release;
		};
/* End XCBuildConfiguration section */

/* Begin XCConfigurationList section */
		303B56631C96C9B60062D46E /* Build configuration list for PBXProject "QuizNew" */ = {
			isa = XCConfigurationList;
			buildConfigurations = (
				303B56781C96C9B60062D46E /* Debug */,
				303B56791C96C9B60062D46E /* Release */,
			);
			defaultConfigurationIsVisible = 0;
			defaultConfigurationName = Release;
		};
		303B567A1C96C9B60062D46E /* Build configuration list for PBXNativeTarget "QuizNew" */ = {
			isa = XCConfigurationList;
			buildConfigurations = (
				303B567B1C96C9B60062D46E /* Debug */,
				303B567C1C96C9B60062D46E /* Release */,
			);
			defaultConfigurationIsVisible = 0;
		};
/* End XCConfigurationList section */
	};
	rootObject = 303B56601C96C9B60062D46E /* Project object */;
}
